
Microsoft Visual Studio Solution File, Format Version 12.00
# Visual Studio Version 17
VisualStudioVersion = 17.6.33829.357
MinimumVisualStudioVersion = 10.0.40219.1
Project("{FAE04EC0-301F-11D3-BF4B-00C04F79EFBC}") = "SmartLogics", "SmartLogics\SmartLogics.csproj", "{FCC12783-7B10-4E1D-9D01-6CA51C63A5EA}"
EndProject
Global
	GlobalSection(SolutionConfigurationPlatforms) = preSolution
		Debug|Any CPU = Debug|Any CPU
		Release|Any CPU = Release|Any CPU
	EndGlobalSection
	GlobalSection(ProjectConfigurationPlatforms) = postSolution
		{FCC12783-7B10-4E1D-9D01-6CA51C63A5EA}.Debug|Any CPU.ActiveCfg = Debug|Any CPU
		{FCC12783-7B10-4E1D-9D01-6CA51C63A5EA}.Debug|Any CPU.Build.0 = Debug|Any CPU
		{FCC12783-7B10-4E1D-9D01-6CA51C63A5EA}.Release|Any CPU.ActiveCfg = Release|Any CPU
		{FCC12783-7B10-4E1D-9D01-6CA51C63A5EA}.Release|Any CPU.Build.0 = Release|Any CPU
	EndGlobalSection
	GlobalSection(SolutionProperties) = preSolution
		HideSolutionNode = FALSE
	EndGlobalSection
	GlobalSection(ExtensibilityGlobals) = postSolution
		SolutionGuid = {7028462C-E10C-4181-B0CD-B74320C55179}
	EndGlobalSection
EndGlobal
